
Microsoft Visual Studio Solution File, Format Version 12.00
# Visual Studio Version 17
VisualStudioVersion = 17.4.33103.184
MinimumVisualStudioVersion = 10.0.40219.1
Project("{2150E333-8FDC-42A3-9474-1A3956D46DE8}") = "Core", "Core", "{77991062-22E6-4D0C-AF40-2FC6444706E5}"
EndProject
Project("{2150E333-8FDC-42A3-9474-1A3956D46DE8}") = "Infrastructure", "Infrastructure", "{51FB8C70-C583-41D1-AF5C-D5F43F656696}"
EndProject
Project("{9A19103F-16F7-4668-BE54-9A1E7A4F7556}") = "Education.Domain", "Core\Education.Domain\Education.Domain.csproj", "{C9204B90-5D0C-4F1B-AE04-BE4B17808240}"
EndProject
Project("{9A19103F-16F7-4668-BE54-9A1E7A4F7556}") = "Education.Application", "Core\Education.Application\Education.Application.csproj", "{3CCC1007-9BE6-4F2C-B801-411CD745E117}"
EndProject
Project("{9A19103F-16F7-4668-BE54-9A1E7A4F7556}") = "Education.Infrastructure", "Infrastructure\Education.Infrastructure\Education.Infrastructure.csproj", "{B159B613-CFA2-4E69-8027-989D667BA4B8}"
EndProject
Project("{9A19103F-16F7-4668-BE54-9A1E7A4F7556}") = "Education.Persistance", "Infrastructure\Education.Persistance\Education.Persistance.csproj", "{6E63509D-9210-46C0-8B91-EC8CFBB2B7C3}"
EndProject
Project("{2150E333-8FDC-42A3-9474-1A3956D46DE8}") = "Presentation", "Presentation", "{3173D315-8C25-4C50-9F28-87E4BC13BBBB}"
EndProject
Project("{9A19103F-16F7-4668-BE54-9A1E7A4F7556}") = "Education.API", "Presentation\Education.API\Education.API.csproj", "{E436023C-1F24-4708-ABD8-B7F1D5C45276}"
EndProject
Project("{2150E333-8FDC-42A3-9474-1A3956D46DE8}") = "corePackages", "corePackages", "{10C820D3-0E4E-498A-ABD8-2ABE18FD4E90}"
EndProject
Project("{2150E333-8FDC-42A3-9474-1A3956D46DE8}") = "Education", "Education", "{0276F5BE-AEEE-4887-865D-DB3B60938CAB}"
EndProject
Project("{9A19103F-16F7-4668-BE54-9A1E7A4F7556}") = "Core.Application", "corePackages\Core.Application\Core.Application.csproj", "{7D349B79-F3F1-46E0-9CAC-9F72AAE90F53}"
EndProject
Project("{9A19103F-16F7-4668-BE54-9A1E7A4F7556}") = "Core.CrossCuttingConcerns", "corePackages\Core.CrossCuttingConcerns\Core.CrossCuttingConcerns.csproj", "{A9BC27F0-FA29-4FE4-8A48-73B7D1E4E958}"
EndProject
Project("{9A19103F-16F7-4668-BE54-9A1E7A4F7556}") = "Core.Persistance", "corePackages\Core.Persistance\Core.Persistance.csproj", "{2AE9D242-BC3C-4D0D-A641-4517ABACDFA4}"
EndProject
Global
	GlobalSection(SolutionConfigurationPlatforms) = preSolution
		Debug|Any CPU = Debug|Any CPU
		Release|Any CPU = Release|Any CPU
	EndGlobalSection
	GlobalSection(ProjectConfigurationPlatforms) = postSolution
		{C9204B90-5D0C-4F1B-AE04-BE4B17808240}.Debug|Any CPU.ActiveCfg = Debug|Any CPU
		{C9204B90-5D0C-4F1B-AE04-BE4B17808240}.Debug|Any CPU.Build.0 = Debug|Any CPU
		{C9204B90-5D0C-4F1B-AE04-BE4B17808240}.Release|Any CPU.ActiveCfg = Release|Any CPU
		{C9204B90-5D0C-4F1B-AE04-BE4B17808240}.Release|Any CPU.Build.0 = Release|Any CPU
		{3CCC1007-9BE6-4F2C-B801-411CD745E117}.Debug|Any CPU.ActiveCfg = Debug|Any CPU
		{3CCC1007-9BE6-4F2C-B801-411CD745E117}.Debug|Any CPU.Build.0 = Debug|Any CPU
		{3CCC1007-9BE6-4F2C-B801-411CD745E117}.Release|Any CPU.ActiveCfg = Release|Any CPU
		{3CCC1007-9BE6-4F2C-B801-411CD745E117}.Release|Any CPU.Build.0 = Release|Any CPU
		{B159B613-CFA2-4E69-8027-989D667BA4B8}.Debug|Any CPU.ActiveCfg = Debug|Any CPU
		{B159B613-CFA2-4E69-8027-989D667BA4B8}.Debug|Any CPU.Build.0 = Debug|Any CPU
		{B159B613-CFA2-4E69-8027-989D667BA4B8}.Release|Any CPU.ActiveCfg = Release|Any CPU
		{B159B613-CFA2-4E69-8027-989D667BA4B8}.Release|Any CPU.Build.0 = Release|Any CPU
		{6E63509D-9210-46C0-8B91-EC8CFBB2B7C3}.Debug|Any CPU.ActiveCfg = Debug|Any CPU
		{6E63509D-9210-46C0-8B91-EC8CFBB2B7C3}.Debug|Any CPU.Build.0 = Debug|Any CPU
		{6E63509D-9210-46C0-8B91-EC8CFBB2B7C3}.Release|Any CPU.ActiveCfg = Release|Any CPU
		{6E63509D-9210-46C0-8B91-EC8CFBB2B7C3}.Release|Any CPU.Build.0 = Release|Any CPU
		{E436023C-1F24-4708-ABD8-B7F1D5C45276}.Debug|Any CPU.ActiveCfg = Debug|Any CPU
		{E436023C-1F24-4708-ABD8-B7F1D5C45276}.Debug|Any CPU.Build.0 = Debug|Any CPU
		{E436023C-1F24-4708-ABD8-B7F1D5C45276}.Release|Any CPU.ActiveCfg = Release|Any CPU
		{E436023C-1F24-4708-ABD8-B7F1D5C45276}.Release|Any CPU.Build.0 = Release|Any CPU
		{7D349B79-F3F1-46E0-9CAC-9F72AAE90F53}.Debug|Any CPU.ActiveCfg = Debug|Any CPU
		{7D349B79-F3F1-46E0-9CAC-9F72AAE90F53}.Debug|Any CPU.Build.0 = Debug|Any CPU
		{7D349B79-F3F1-46E0-9CAC-9F72AAE90F53}.Release|Any CPU.ActiveCfg = Release|Any CPU
		{7D349B79-F3F1-46E0-9CAC-9F72AAE90F53}.Release|Any CPU.Build.0 = Release|Any CPU
		{A9BC27F0-FA29-4FE4-8A48-73B7D1E4E958}.Debug|Any CPU.ActiveCfg = Debug|Any CPU
		{A9BC27F0-FA29-4FE4-8A48-73B7D1E4E958}.Debug|Any CPU.Build.0 = Debug|Any CPU
		{A9BC27F0-FA29-4FE4-8A48-73B7D1E4E958}.Release|Any CPU.ActiveCfg = Release|Any CPU
		{A9BC27F0-FA29-4FE4-8A48-73B7D1E4E958}.Release|Any CPU.Build.0 = Release|Any CPU
		{2AE9D242-BC3C-4D0D-A641-4517ABACDFA4}.Debug|Any CPU.ActiveCfg = Debug|Any CPU
		{2AE9D242-BC3C-4D0D-A641-4517ABACDFA4}.Debug|Any CPU.Build.0 = Debug|Any CPU
		{2AE9D242-BC3C-4D0D-A641-4517ABACDFA4}.Release|Any CPU.ActiveCfg = Release|Any CPU
		{2AE9D242-BC3C-4D0D-A641-4517ABACDFA4}.Release|Any CPU.Build.0 = Release|Any CPU
	EndGlobalSection
	GlobalSection(SolutionProperties) = preSolution
		HideSolutionNode = FALSE
	EndGlobalSection
	GlobalSection(NestedProjects) = preSolution
		{77991062-22E6-4D0C-AF40-2FC6444706E5} = {0276F5BE-AEEE-4887-865D-DB3B60938CAB}
		{51FB8C70-C583-41D1-AF5C-D5F43F656696} = {0276F5BE-AEEE-4887-865D-DB3B60938CAB}
		{C9204B90-5D0C-4F1B-AE04-BE4B17808240} = {77991062-22E6-4D0C-AF40-2FC6444706E5}
		{3CCC1007-9BE6-4F2C-B801-411CD745E117} = {77991062-22E6-4D0C-AF40-2FC6444706E5}
		{B159B613-CFA2-4E69-8027-989D667BA4B8} = {51FB8C70-C583-41D1-AF5C-D5F43F656696}
		{6E63509D-9210-46C0-8B91-EC8CFBB2B7C3} = {51FB8C70-C583-41D1-AF5C-D5F43F656696}
		{3173D315-8C25-4C50-9F28-87E4BC13BBBB} = {0276F5BE-AEEE-4887-865D-DB3B60938CAB}
		{E436023C-1F24-4708-ABD8-B7F1D5C45276} = {3173D315-8C25-4C50-9F28-87E4BC13BBBB}
		{7D349B79-F3F1-46E0-9CAC-9F72AAE90F53} = {10C820D3-0E4E-498A-ABD8-2ABE18FD4E90}
		{A9BC27F0-FA29-4FE4-8A48-73B7D1E4E958} = {10C820D3-0E4E-498A-ABD8-2ABE18FD4E90}
		{2AE9D242-BC3C-4D0D-A641-4517ABACDFA4} = {10C820D3-0E4E-498A-ABD8-2ABE18FD4E90}
	EndGlobalSection
	GlobalSection(ExtensibilityGlobals) = postSolution
		SolutionGuid = {515AEDDE-21CC-47B5-A9CC-1B4B9670714F}
	EndGlobalSection
EndGlobal
